
Microsoft Visual Studio Solution File, Format Version 12.00
# Visual Studio 15
VisualStudioVersion = 15.0.27130.2020
MinimumVisualStudioVersion = 10.0.40219.1
Project("{9A19103F-16F7-4668-BE54-9A1E7A4F7556}") = "GitmoSharp.Test", "GitmoSharp.Test\GitmoSharp.Test.csproj", "{7E56BF93-5222-4823-9650-0DE87147307B}"
EndProject
Project("{9A19103F-16F7-4668-BE54-9A1E7A4F7556}") = "GitmoSharp", "GitmoSharp\GitmoSharp.csproj", "{7C121835-3FC8-4654-B98D-3996952BF22F}"
EndProject
Global
	GlobalSection(SolutionConfigurationPlatforms) = preSolution
		Debug|Any CPU = Debug|Any CPU
		Release|Any CPU = Release|Any CPU
	EndGlobalSection
	GlobalSection(ProjectConfigurationPlatforms) = postSolution
		{7E56BF93-5222-4823-9650-0DE87147307B}.Debug|Any CPU.ActiveCfg = Debug|Any CPU
		{7E56BF93-5222-4823-9650-0DE87147307B}.Debug|Any CPU.Build.0 = Debug|Any CPU
		{7E56BF93-5222-4823-9650-0DE87147307B}.Release|Any CPU.ActiveCfg = Release|Any CPU
		{7E56BF93-5222-4823-9650-0DE87147307B}.Release|Any CPU.Build.0 = Release|Any CPU
		{7C121835-3FC8-4654-B98D-3996952BF22F}.Debug|Any CPU.ActiveCfg = Debug|Any CPU
		{7C121835-3FC8-4654-B98D-3996952BF22F}.Debug|Any CPU.Build.0 = Debug|Any CPU
		{7C121835-3FC8-4654-B98D-3996952BF22F}.Release|Any CPU.ActiveCfg = Release|Any CPU
		{7C121835-3FC8-4654-B98D-3996952BF22F}.Release|Any CPU.Build.0 = Release|Any CPU
	EndGlobalSection
	GlobalSection(SolutionProperties) = preSolution
		HideSolutionNode = FALSE
	EndGlobalSection
	GlobalSection(ExtensibilityGlobals) = postSolution
		SolutionGuid = {D49FA6C4-81D3-4694-ADB9-92E8BF0D4013}
	EndGlobalSection
EndGlobal
